
Microsoft Visual Studio Solution File, Format Version 12.00
# Visual Studio Version 17
VisualStudioVersion = 17.6.33815.320
MinimumVisualStudioVersion = 10.0.40219.1
Project("{9A19103F-16F7-4668-BE54-9A1E7A4F7556}") = "WormsAndHoles", "WormsAndHoles\WormsAndHoles.csproj", "{58F2FA8F-68A0-4284-B6D4-B487F8D9D187}"
EndProject
Project("{9A19103F-16F7-4668-BE54-9A1E7A4F7556}") = "TheGambler", "TheGambler\TheGambler.csproj", "{53B13D61-C25A-4950-88A8-2562E492B4A0}"
EndProject
Project("{9A19103F-16F7-4668-BE54-9A1E7A4F7556}") = "GroceriesManagement", "GroceriesManagement\GroceriesManagement.csproj", "{9C11E624-5245-461D-A735-A9F1FBE410F0}"
EndProject
Global
	GlobalSection(SolutionConfigurationPlatforms) = preSolution
		Debug|Any CPU = Debug|Any CPU
		Release|Any CPU = Release|Any CPU
	EndGlobalSection
	GlobalSection(ProjectConfigurationPlatforms) = postSolution
		{58F2FA8F-68A0-4284-B6D4-B487F8D9D187}.Debug|Any CPU.ActiveCfg = Debug|Any CPU
		{58F2FA8F-68A0-4284-B6D4-B487F8D9D187}.Debug|Any CPU.Build.0 = Debug|Any CPU
		{58F2FA8F-68A0-4284-B6D4-B487F8D9D187}.Release|Any CPU.ActiveCfg = Release|Any CPU
		{58F2FA8F-68A0-4284-B6D4-B487F8D9D187}.Release|Any CPU.Build.0 = Release|Any CPU
		{53B13D61-C25A-4950-88A8-2562E492B4A0}.Debug|Any CPU.ActiveCfg = Debug|Any CPU
		{53B13D61-C25A-4950-88A8-2562E492B4A0}.Debug|Any CPU.Build.0 = Debug|Any CPU
		{53B13D61-C25A-4950-88A8-2562E492B4A0}.Release|Any CPU.ActiveCfg = Release|Any CPU
		{53B13D61-C25A-4950-88A8-2562E492B4A0}.Release|Any CPU.Build.0 = Release|Any CPU
		{9C11E624-5245-461D-A735-A9F1FBE410F0}.Debug|Any CPU.ActiveCfg = Debug|Any CPU
		{9C11E624-5245-461D-A735-A9F1FBE410F0}.Debug|Any CPU.Build.0 = Debug|Any CPU
		{9C11E624-5245-461D-A735-A9F1FBE410F0}.Release|Any CPU.ActiveCfg = Release|Any CPU
		{9C11E624-5245-461D-A735-A9F1FBE410F0}.Release|Any CPU.Build.0 = Release|Any CPU
	EndGlobalSection
	GlobalSection(SolutionProperties) = preSolution
		HideSolutionNode = FALSE
	EndGlobalSection
	GlobalSection(ExtensibilityGlobals) = postSolution
		SolutionGuid = {ED4D0A72-4DEB-4A89-A56F-3D9F094024FB}
	EndGlobalSection
EndGlobal
